# @generated by Move, please check-in and do not edit manually.

[move]
version = 2
manifest_digest = "7C7D87C551AD204CECBEC358BC7F9E85B89D8D5251B6AF6739B1144FBB866853"
deps_digest = "F8BBB0CCB2491CA29A3DF03D6F92277A4F3574266507ACD77214D37ECA3F3082"
dependencies = [
  { name = "Sui" },
]

[[move.package]]
name = "MoveStdlib"
source = { git = "https://github.com/MystenLabs/sui.git", rev = "framework/testnet", subdir = "crates\\sui-framework\\packages\\move-stdlib" }

[[move.package]]
name = "Sui"
source = { git = "https://github.com/MystenLabs/sui.git", rev = "framework/testnet", subdir = "crates/sui-framework/packages/sui-framework" }

dependencies = [
  { name = "MoveStdlib" },
]

[move.toolchain-version]
compiler-version = "1.34.0"
edition = "2024.beta"
flavor = "sui"

[env]

[env.testnet]
chain-id = "4c78adac"
original-published-id = "0xa093970c72b445561ebb35f73141c9c47dd4d2bd7d7fbf4c950222ff53d8986d"
latest-published-id = "0xa093970c72b445561ebb35f73141c9c47dd4d2bd7d7fbf4c950222ff53d8986d"
published-version = "1"
